github.com/davecgh/go-spew v1.1.1 h1:vj9j/u1bqnvCEfJOwUhtlOARqs3+rkHYY13jYWTU97c=
github.com/pmezard/go-difflib v1.0.0 h1:4DBwDE0NGyQoBHbLQYPwSUPoCMWR5BEzIk/f1lZbAQM=
github.com/stretchr/testify v1.8.0 h1:pSgiaMZlXftHpm5L7V1+rVB+AZJydKsMxsQBIJw4PKk=
github.com/tillberg/alog v0.0.0-20220825162516-71438944d3b3 h1:lWUDVxEFnPiuo5LB5sKq7DDqRVByyozJg2dMYge27o0=
github.com/tillberg/alog v0.0.0-20220825162516-71438944d3b3/go.mod h1:JOyZ/bjjZg8sKKrRzNIdOxgZfXTc+L2sCatgrE0pOjs=
gopkg.in/yaml.v3 v3.0.1 h1:fxVm/GzAzEWqLHuvctI91KS9hhNmmWOoWu0XTYJS7CA=
